// !$*UTF8*$!
{
	archiveVersion = 1;
	classes = {
	};
	objectVersion = 48;
	objects = {

/* Begin PBXBuildFile section */
		89050B161FFCBF5D00033BF9 /* WorktableHeadCollectionViewCell.swift in Sources */ = {isa = PBXBuildFile; fileRef = 89050B141FFCBF5D00033BF9 /* WorktableHeadCollectionViewCell.swift */; };
		89050B171FFCBF5D00033BF9 /* WorktableHeadCollectionViewCell.xib in Resources */ = {isa = PBXBuildFile; fileRef = 89050B151FFCBF5D00033BF9 /* WorktableHeadCollectionViewCell.xib */; };
		890CFFE11FF3436F008031EF /* ForwardingViewController.swift in Sources */ = {isa = PBXBuildFile; fileRef = 890CFFDF1FF3436F008031EF /* ForwardingViewController.swift */; };
		890CFFE21FF3436F008031EF /* ForwardingViewController.xib in Resources */ = {isa = PBXBuildFile; fileRef = 890CFFE01FF3436F008031EF /* ForwardingViewController.xib */; };
		890CFFE91FF36C8B008031EF /* ForwardingTableViewCell.swift in Sources */ = {isa = PBXBuildFile; fileRef = 890CFFE71FF36C8B008031EF /* ForwardingTableViewCell.swift */; };
		890CFFEA1FF36C8B008031EF /* ForwardingTableViewCell.xib in Resources */ = {isa = PBXBuildFile; fileRef = 890CFFE81FF36C8B008031EF /* ForwardingTableViewCell.xib */; };
		890CFFED1FF36D95008031EF /* ForwardingCollectionViewCell.swift in Sources */ = {isa = PBXBuildFile; fileRef = 890CFFEB1FF36D95008031EF /* ForwardingCollectionViewCell.swift */; };
		890CFFEE1FF36D95008031EF /* ForwardingCollectionViewCell.xib in Resources */ = {isa = PBXBuildFile; fileRef = 890CFFEC1FF36D95008031EF /* ForwardingCollectionViewCell.xib */; };
		894B65661FE75C3000FA17F2 /* MessageRefreshViewModel.swift in Sources */ = {isa = PBXBuildFile; fileRef = 894B65651FE75C3000FA17F2 /* MessageRefreshViewModel.swift */; };
		8976CE281FFB329D00A74035 /* AttendeesViewController.swift in Sources */ = {isa = PBXBuildFile; fileRef = 8976CE261FFB329D00A74035 /* AttendeesViewController.swift */; };
		8976CE291FFB329D00A74035 /* AttendeesViewController.xib in Resources */ = {isa = PBXBuildFile; fileRef = 8976CE271FFB329D00A74035 /* AttendeesViewController.xib */; };
		8976CE301FFB32D400A74035 /* AttendeesViewModel.swift in Sources */ = {isa = PBXBuildFile; fileRef = 8976CE2F1FFB32D400A74035 /* AttendeesViewModel.swift */; };
		8976CE321FFB332800A74035 /* AttendeesModel.swift in Sources */ = {isa = PBXBuildFile; fileRef = 8976CE311FFB332800A74035 /* AttendeesModel.swift */; };
		8976CE361FFB582000A74035 /* PeopleRespondViewController.swift in Sources */ = {isa = PBXBuildFile; fileRef = 8976CE341FFB582000A74035 /* PeopleRespondViewController.swift */; };
		8976CE371FFB582000A74035 /* PeopleRespondViewController.xib in Resources */ = {isa = PBXBuildFile; fileRef = 8976CE351FFB582000A74035 /* PeopleRespondViewController.xib */; };
		8976CE3D1FFB5D8500A74035 /* PeopleRespondViewModel.swift in Sources */ = {isa = PBXBuildFile; fileRef = 8976CE3C1FFB5D8500A74035 /* PeopleRespondViewModel.swift */; };
		8976CE3F1FFB5DB800A74035 /* PeopleRespondModel.swift in Sources */ = {isa = PBXBuildFile; fileRef = 8976CE3E1FFB5DB800A74035 /* PeopleRespondModel.swift */; };
		8976CE461FFB74DC00A74035 /* PeopleRespondCell.swift in Sources */ = {isa = PBXBuildFile; fileRef = 8976CE441FFB74DC00A74035 /* PeopleRespondCell.swift */; };
		8976CE471FFB74DC00A74035 /* PeopleRespondCell.xib in Resources */ = {isa = PBXBuildFile; fileRef = 8976CE451FFB74DC00A74035 /* PeopleRespondCell.xib */; };
		8976CE4A1FFB7DC600A74035 /* AttendeesTableViewCell.swift in Sources */ = {isa = PBXBuildFile; fileRef = 8976CE481FFB7DC600A74035 /* AttendeesTableViewCell.swift */; };
		8976CE4B1FFB7DC600A74035 /* AttendeesTableViewCell.xib in Resources */ = {isa = PBXBuildFile; fileRef = 8976CE491FFB7DC600A74035 /* AttendeesTableViewCell.xib */; };
		8988578F1FE8BA2500160D3F /* InformTheDetailsViewController.swift in Sources */ = {isa = PBXBuildFile; fileRef = 8988578D1FE8BA2500160D3F /* InformTheDetailsViewController.swift */; };
		898857901FE8BA2500160D3F /* InformTheDetailsViewController.xib in Resources */ = {isa = PBXBuildFile; fileRef = 8988578E1FE8BA2500160D3F /* InformTheDetailsViewController.xib */; };
		898857951FE8BF1300160D3F /* InformTheDetailsTableViewCell.swift in Sources */ = {isa = PBXBuildFile; fileRef = 898857931FE8BF1300160D3F /* InformTheDetailsTableViewCell.swift */; };
		898857961FE8BF1300160D3F /* InformTheDetailsTableViewCell.xib in Resources */ = {isa = PBXBuildFile; fileRef = 898857941FE8BF1300160D3F /* InformTheDetailsTableViewCell.xib */; };
		8988579A1FE8C1A300160D3F /* InformTheDetailsViewModel.swift in Sources */ = {isa = PBXBuildFile; fileRef = 898857991FE8C1A300160D3F /* InformTheDetailsViewModel.swift */; };
		8988579D1FE8C1C000160D3F /* InformTheDetailsModel.swift in Sources */ = {isa = PBXBuildFile; fileRef = 8988579C1FE8C1C000160D3F /* InformTheDetailsModel.swift */; };
		898857A21FE9063500160D3F /* AttachmentViewController.swift in Sources */ = {isa = PBXBuildFile; fileRef = 898857A11FE9063500160D3F /* AttachmentViewController.swift */; };
		8988B14A1FFC6EB00009C1A9 /* WorktableCollectionViewCell.swift in Sources */ = {isa = PBXBuildFile; fileRef = 8988B1481FFC6EB00009C1A9 /* WorktableCollectionViewCell.swift */; };
		8988B14B1FFC6EB00009C1A9 /* WorktableCollectionViewCell.xib in Resources */ = {isa = PBXBuildFile; fileRef = 8988B1491FFC6EB00009C1A9 /* WorktableCollectionViewCell.xib */; };
		8988B14D1FFCA6600009C1A9 /* WorktableViewModel.swift in Sources */ = {isa = PBXBuildFile; fileRef = 8988B14C1FFCA6600009C1A9 /* WorktableViewModel.swift */; };
		8988B1521FFCA7E30009C1A9 /* WorktableViewViewModel.swift in Sources */ = {isa = PBXBuildFile; fileRef = 8988B1511FFCA7E30009C1A9 /* WorktableViewViewModel.swift */; };
		899C39851FE7A83500AC6653 /* MessageTableViewCell.swift in Sources */ = {isa = PBXBuildFile; fileRef = 899C39831FE7A83500AC6653 /* MessageTableViewCell.swift */; };
		899C39861FE7A83500AC6653 /* MessageTableViewCell.xib in Resources */ = {isa = PBXBuildFile; fileRef = 899C39841FE7A83500AC6653 /* MessageTableViewCell.xib */; };
		89CF568A1FE39D5C00C5F60D /* AppDelegate.swift in Sources */ = {isa = PBXBuildFile; fileRef = 89CF56891FE39D5C00C5F60D /* AppDelegate.swift */; };
		89CF568C1FE39D5C00C5F60D /* ViewController.swift in Sources */ = {isa = PBXBuildFile; fileRef = 89CF568B1FE39D5C00C5F60D /* ViewController.swift */; };
		89CF568F1FE39D5C00C5F60D /* Main.storyboard in Resources */ = {isa = PBXBuildFile; fileRef = 89CF568D1FE39D5C00C5F60D /* Main.storyboard */; };
		89CF56911FE39D5C00C5F60D /* Assets.xcassets in Resources */ = {isa = PBXBuildFile; fileRef = 89CF56901FE39D5C00C5F60D /* Assets.xcassets */; };
		89CF56941FE39D5C00C5F60D /* LaunchScreen.storyboard in Resources */ = {isa = PBXBuildFile; fileRef = 89CF56921FE39D5C00C5F60D /* LaunchScreen.storyboard */; };
		89CF569F1FE39D5C00C5F60D /* EgoviOS_SwiftTests.swift in Sources */ = {isa = PBXBuildFile; fileRef = 89CF569E1FE39D5C00C5F60D /* EgoviOS_SwiftTests.swift */; };
		89CF56AA1FE39D5D00C5F60D /* EgoviOS_SwiftUITests.swift in Sources */ = {isa = PBXBuildFile; fileRef = 89CF56A91FE39D5D00C5F60D /* EgoviOS_SwiftUITests.swift */; };
		89CF56C31FE39E3700C5F60D /* BaseViewController.swift in Sources */ = {isa = PBXBuildFile; fileRef = 89CF56B91FE39E3600C5F60D /* BaseViewController.swift */; };
		89CF56C41FE39E3700C5F60D /* ViewModel.swift in Sources */ = {isa = PBXBuildFile; fileRef = 89CF56BB1FE39E3600C5F60D /* ViewModel.swift */; };
		89CF56C51FE39E3700C5F60D /* Model.swift in Sources */ = {isa = PBXBuildFile; fileRef = 89CF56BD1FE39E3700C5F60D /* Model.swift */; };
		89CF56C61FE39E3700C5F60D /* File.swift in Sources */ = {isa = PBXBuildFile; fileRef = 89CF56BF1FE39E3700C5F60D /* File.swift */; };
		89CF56C71FE39E3700C5F60D /* HTTPRequestTool.swift in Sources */ = {isa = PBXBuildFile; fileRef = 89CF56C01FE39E3700C5F60D /* HTTPRequestTool.swift */; };
		89CF56C81FE39E3700C5F60D /* SwiftMessageManager.swift in Sources */ = {isa = PBXBuildFile; fileRef = 89CF56C11FE39E3700C5F60D /* SwiftMessageManager.swift */; };
		89CF56C91FE39E3700C5F60D /* UIView+ ViewChainable.swift in Sources */ = {isa = PBXBuildFile; fileRef = 89CF56C21FE39E3700C5F60D /* UIView+ ViewChainable.swift */; };
		89CF56CD1FE39E5B00C5F60D /* LogInViewController.swift in Sources */ = {isa = PBXBuildFile; fileRef = 89CF56CB1FE39E5B00C5F60D /* LogInViewController.swift */; };
		89CF56CE1FE39E5B00C5F60D /* LogInViewController.xib in Resources */ = {isa = PBXBuildFile; fileRef = 89CF56CC1FE39E5B00C5F60D /* LogInViewController.xib */; };
		89CF56D11FE3A1E000C5F60D /* MessageViewController.swift in Sources */ = {isa = PBXBuildFile; fileRef = 89CF56CF1FE3A1E000C5F60D /* MessageViewController.swift */; };
		89CF56D21FE3A1E000C5F60D /* MessageViewController.xib in Resources */ = {isa = PBXBuildFile; fileRef = 89CF56D01FE3A1E000C5F60D /* MessageViewController.xib */; };
		89CF56D51FE3A1F000C5F60D /* WorktableViewController.swift in Sources */ = {isa = PBXBuildFile; fileRef = 89CF56D31FE3A1F000C5F60D /* WorktableViewController.swift */; };
		89CF56D61FE3A1F000C5F60D /* WorktableViewController.xib in Resources */ = {isa = PBXBuildFile; fileRef = 89CF56D41FE3A1F000C5F60D /* WorktableViewController.xib */; };
		89CF56D91FE3A1FD00C5F60D /* AddressBookViewController.swift in Sources */ = {isa = PBXBuildFile; fileRef = 89CF56D71FE3A1FD00C5F60D /* AddressBookViewController.swift */; };
		89CF56DA1FE3A1FD00C5F60D /* AddressBookViewController.xib in Resources */ = {isa = PBXBuildFile; fileRef = 89CF56D81FE3A1FD00C5F60D /* AddressBookViewController.xib */; };
		89CF56E31FE3A9CA00C5F60D /* MessageViewModel.swift in Sources */ = {isa = PBXBuildFile; fileRef = 89CF56E21FE3A9CA00C5F60D /* MessageViewModel.swift */; };
		89CF56E51FE3B13900C5F60D /* BaseModel.swift in Sources */ = {isa = PBXBuildFile; fileRef = 89CF56E41FE3B13900C5F60D /* BaseModel.swift */; };
		89CF56E71FE3B71D00C5F60D /* MessageModel.swift in Sources */ = {isa = PBXBuildFile; fileRef = 89CF56E61FE3B71D00C5F60D /* MessageModel.swift */; };
		89D3BE411FFDC52900830B90 /* JMDropMenu.m in Sources */ = {isa = PBXBuildFile; fileRef = 89D3BE401FFDC52900830B90 /* JMDropMenu.m */; };
		AD22CB902036130FA4421763 /* Pods_EgoviOS_Swift.framework in Frameworks */ = {isa = PBXBuildFile; fileRef = E978744145A220BA2EB7F8D1 /* Pods_EgoviOS_Swift.framework */; };
/* End PBXBuildFile section */

/* Begin PBXContainerItemProxy section */
		89CF569B1FE39D5C00C5F60D /* PBXContainerItemProxy */ = {
			isa = PBXContainerItemProxy;
			containerPortal = 89CF567E1FE39D5C00C5F60D /* Project object */;
			proxyType = 1;
			remoteGlobalIDString = 89CF56851FE39D5C00C5F60D;
			remoteInfo = "EgoviOS-Swift";
		};
		89CF56A61FE39D5D00C5F60D /* PBXContainerItemProxy */ = {
			isa = PBXContainerItemProxy;
			containerPortal = 89CF567E1FE39D5C00C5F60D /* Project object */;
			proxyType = 1;
			remoteGlobalIDString = 89CF56851FE39D5C00C5F60D;
			remoteInfo = "EgoviOS-Swift";
		};
/* End PBXContainerItemProxy section */

/* Begin PBXFileReference section */
		2A0A4F6D52BB7C7150CADAF3 /* Pods-EgoviOS-Swift.debug.xcconfig */ = {isa = PBXFileReference; includeInIndex = 1; lastKnownFileType = text.xcconfig; name = "Pods-EgoviOS-Swift.debug.xcconfig"; path = "Pods/Target Support Files/Pods-EgoviOS-Swift/Pods-EgoviOS-Swift.debug.xcconfig"; sourceTree = "<group>"; };
		32020B70750EA28CE5838BB6 /* Pods-EgoviOS-Swift.release.xcconfig */ = {isa = PBXFileReference; includeInIndex = 1; lastKnownFileType = text.xcconfig; name = "Pods-EgoviOS-Swift.release.xcconfig"; path = "Pods/Target Support Files/Pods-EgoviOS-Swift/Pods-EgoviOS-Swift.release.xcconfig"; sourceTree = "<group>"; };
		89050B141FFCBF5D00033BF9 /* WorktableHeadCollectionViewCell.swift */ = {isa = PBXFileReference; lastKnownFileType = sourcecode.swift; path = WorktableHeadCollectionViewCell.swift; sourceTree = "<group>"; };
		89050B151FFCBF5D00033BF9 /* WorktableHeadCollectionViewCell.xib */ = {isa = PBXFileReference; lastKnownFileType = file.xib; path = WorktableHeadCollectionViewCell.xib; sourceTree = "<group>"; };
		890CFFDF1FF3436F008031EF /* ForwardingViewController.swift */ = {isa = PBXFileReference; lastKnownFileType = sourcecode.swift; path = ForwardingViewController.swift; sourceTree = "<group>"; };
		890CFFE01FF3436F008031EF /* ForwardingViewController.xib */ = {isa = PBXFileReference; lastKnownFileType = file.xib; path = ForwardingViewController.xib; sourceTree = "<group>"; };
		890CFFE71FF36C8B008031EF /* ForwardingTableViewCell.swift */ = {isa = PBXFileReference; lastKnownFileType = sourcecode.swift; path = ForwardingTableViewCell.swift; sourceTree = "<group>"; };
		890CFFE81FF36C8B008031EF /* ForwardingTableViewCell.xib */ = {isa = PBXFileReference; lastKnownFileType = file.xib; path = ForwardingTableViewCell.xib; sourceTree = "<group>"; };
		890CFFEB1FF36D95008031EF /* ForwardingCollectionViewCell.swift */ = {isa = PBXFileReference; lastKnownFileType = sourcecode.swift; path = ForwardingCollectionViewCell.swift; sourceTree = "<group>"; };
		890CFFEC1FF36D95008031EF /* ForwardingCollectionViewCell.xib */ = {isa = PBXFileReference; lastKnownFileType = file.xib; path = ForwardingCollectionViewCell.xib; sourceTree = "<group>"; };
		894B65651FE75C3000FA17F2 /* MessageRefreshViewModel.swift */ = {isa = PBXFileReference; lastKnownFileType = sourcecode.swift; path = MessageRefreshViewModel.swift; sourceTree = "<group>"; };
		8976CE261FFB329D00A74035 /* AttendeesViewController.swift */ = {isa = PBXFileReference; lastKnownFileType = sourcecode.swift; path = AttendeesViewController.swift; sourceTree = "<group>"; };
		8976CE271FFB329D00A74035 /* AttendeesViewController.xib */ = {isa = PBXFileReference; lastKnownFileType = file.xib; path = AttendeesViewController.xib; sourceTree = "<group>"; };
		8976CE2F1FFB32D400A74035 /* AttendeesViewModel.swift */ = {isa = PBXFileReference; lastKnownFileType = sourcecode.swift; path = AttendeesViewModel.swift; sourceTree = "<group>"; };
		8976CE311FFB332800A74035 /* AttendeesModel.swift */ = {isa = PBXFileReference; lastKnownFileType = sourcecode.swift; path = AttendeesModel.swift; sourceTree = "<group>"; };
		8976CE341FFB582000A74035 /* PeopleRespondViewController.swift */ = {isa = PBXFileReference; lastKnownFileType = sourcecode.swift; path = PeopleRespondViewController.swift; sourceTree = "<group>"; };
		8976CE351FFB582000A74035 /* PeopleRespondViewController.xib */ = {isa = PBXFileReference; lastKnownFileType = file.xib; path = PeopleRespondViewController.xib; sourceTree = "<group>"; };
		8976CE3C1FFB5D8500A74035 /* PeopleRespondViewModel.swift */ = {isa = PBXFileReference; lastKnownFileType = sourcecode.swift; path = PeopleRespondViewModel.swift; sourceTree = "<group>"; };
		8976CE3E1FFB5DB800A74035 /* PeopleRespondModel.swift */ = {isa = PBXFileReference; lastKnownFileType = sourcecode.swift; path = PeopleRespondModel.swift; sourceTree = "<group>"; };
		8976CE441FFB74DC00A74035 /* PeopleRespondCell.swift */ = {isa = PBXFileReference; lastKnownFileType = sourcecode.swift; path = PeopleRespondCell.swift; sourceTree = "<group>"; };
		8976CE451FFB74DC00A74035 /* PeopleRespondCell.xib */ = {isa = PBXFileReference; lastKnownFileType = file.xib; path = PeopleRespondCell.xib; sourceTree = "<group>"; };
		8976CE481FFB7DC600A74035 /* AttendeesTableViewCell.swift */ = {isa = PBXFileReference; lastKnownFileType = sourcecode.swift; path = AttendeesTableViewCell.swift; sourceTree = "<group>"; };
		8976CE491FFB7DC600A74035 /* AttendeesTableViewCell.xib */ = {isa = PBXFileReference; lastKnownFileType = file.xib; path = AttendeesTableViewCell.xib; sourceTree = "<group>"; };
		8988578D1FE8BA2500160D3F /* InformTheDetailsViewController.swift */ = {isa = PBXFileReference; lastKnownFileType = sourcecode.swift; path = InformTheDetailsViewController.swift; sourceTree = "<group>"; };
		8988578E1FE8BA2500160D3F /* InformTheDetailsViewController.xib */ = {isa = PBXFileReference; lastKnownFileType = file.xib; path = InformTheDetailsViewController.xib; sourceTree = "<group>"; };
		898857931FE8BF1300160D3F /* InformTheDetailsTableViewCell.swift */ = {isa = PBXFileReference; lastKnownFileType = sourcecode.swift; path = InformTheDetailsTableViewCell.swift; sourceTree = "<group>"; };
		898857941FE8BF1300160D3F /* InformTheDetailsTableViewCell.xib */ = {isa = PBXFileReference; lastKnownFileType = file.xib; path = InformTheDetailsTableViewCell.xib; sourceTree = "<group>"; };
		898857991FE8C1A300160D3F /* InformTheDetailsViewModel.swift */ = {isa = PBXFileReference; lastKnownFileType = sourcecode.swift; path = InformTheDetailsViewModel.swift; sourceTree = "<group>"; };
		8988579C1FE8C1C000160D3F /* InformTheDetailsModel.swift */ = {isa = PBXFileReference; lastKnownFileType = sourcecode.swift; path = InformTheDetailsModel.swift; sourceTree = "<group>"; };
		898857A11FE9063500160D3F /* AttachmentViewController.swift */ = {isa = PBXFileReference; lastKnownFileType = sourcecode.swift; path = AttachmentViewController.swift; sourceTree = "<group>"; };
		8988B1481FFC6EB00009C1A9 /* WorktableCollectionViewCell.swift */ = {isa = PBXFileReference; lastKnownFileType = sourcecode.swift; path = WorktableCollectionViewCell.swift; sourceTree = "<group>"; };
		8988B1491FFC6EB00009C1A9 /* WorktableCollectionViewCell.xib */ = {isa = PBXFileReference; lastKnownFileType = file.xib; path = WorktableCollectionViewCell.xib; sourceTree = "<group>"; };
		8988B14C1FFCA6600009C1A9 /* WorktableViewModel.swift */ = {isa = PBXFileReference; lastKnownFileType = sourcecode.swift; path = WorktableViewModel.swift; sourceTree = "<group>"; };
		8988B1511FFCA7E30009C1A9 /* WorktableViewViewModel.swift */ = {isa = PBXFileReference; lastKnownFileType = sourcecode.swift; path = WorktableViewViewModel.swift; sourceTree = "<group>"; };
		899C39831FE7A83500AC6653 /* MessageTableViewCell.swift */ = {isa = PBXFileReference; lastKnownFileType = sourcecode.swift; path = MessageTableViewCell.swift; sourceTree = "<group>"; };
		899C39841FE7A83500AC6653 /* MessageTableViewCell.xib */ = {isa = PBXFileReference; lastKnownFileType = file.xib; path = MessageTableViewCell.xib; sourceTree = "<group>"; };
		89CF56861FE39D5C00C5F60D /* EgoviOS-Swift.app */ = {isa = PBXFileReference; explicitFileType = wrapper.application; includeInIndex = 0; path = "EgoviOS-Swift.app"; sourceTree = BUILT_PRODUCTS_DIR; };
		89CF56891FE39D5C00C5F60D /* AppDelegate.swift */ = {isa = PBXFileReference; lastKnownFileType = sourcecode.swift; path = AppDelegate.swift; sourceTree = "<group>"; };
		89CF568B1FE39D5C00C5F60D /* ViewController.swift */ = {isa = PBXFileReference; lastKnownFileType = sourcecode.swift; path = ViewController.swift; sourceTree = "<group>"; };
		89CF568E1FE39D5C00C5F60D /* Base */ = {isa = PBXFileReference; lastKnownFileType = file.storyboard; name = Base; path = Base.lproj/Main.storyboard; sourceTree = "<group>"; };
		89CF56901FE39D5C00C5F60D /* Assets.xcassets */ = {isa = PBXFileReference; lastKnownFileType = folder.assetcatalog; path = Assets.xcassets; sourceTree = "<group>"; };
		89CF56931FE39D5C00C5F60D /* Base */ = {isa = PBXFileReference; lastKnownFileType = file.storyboard; name = Base; path = Base.lproj/LaunchScreen.storyboard; sourceTree = "<group>"; };
		89CF56951FE39D5C00C5F60D /* Info.plist */ = {isa = PBXFileReference; lastKnownFileType = text.plist.xml; path = Info.plist; sourceTree = "<group>"; };
		89CF569A1FE39D5C00C5F60D /* EgoviOS-SwiftTests.xctest */ = {isa = PBXFileReference; explicitFileType = wrapper.cfbundle; includeInIndex = 0; path = "EgoviOS-SwiftTests.xctest"; sourceTree = BUILT_PRODUCTS_DIR; };
		89CF569E1FE39D5C00C5F60D /* EgoviOS_SwiftTests.swift */ = {isa = PBXFileReference; lastKnownFileType = sourcecode.swift; path = EgoviOS_SwiftTests.swift; sourceTree = "<group>"; };
		89CF56A01FE39D5C00C5F60D /* Info.plist */ = {isa = PBXFileReference; lastKnownFileType = text.plist.xml; path = Info.plist; sourceTree = "<group>"; };
		89CF56A51FE39D5C00C5F60D /* EgoviOS-SwiftUITests.xctest */ = {isa = PBXFileReference; explicitFileType = wrapper.cfbundle; includeInIndex = 0; path = "EgoviOS-SwiftUITests.xctest"; sourceTree = BUILT_PRODUCTS_DIR; };
		89CF56A91FE39D5D00C5F60D /* EgoviOS_SwiftUITests.swift */ = {isa = PBXFileReference; lastKnownFileType = sourcecode.swift; path = EgoviOS_SwiftUITests.swift; sourceTree = "<group>"; };
		89CF56AB1FE39D5D00C5F60D /* Info.plist */ = {isa = PBXFileReference; lastKnownFileType = text.plist.xml; path = Info.plist; sourceTree = "<group>"; };
		89CF56B91FE39E3600C5F60D /* BaseViewController.swift */ = {isa = PBXFileReference; fileEncoding = 4; lastKnownFileType = sourcecode.swift; path = BaseViewController.swift; sourceTree = "<group>"; };
		89CF56BB1FE39E3600C5F60D /* ViewModel.swift */ = {isa = PBXFileReference; fileEncoding = 4; lastKnownFileType = sourcecode.swift; path = ViewModel.swift; sourceTree = "<group>"; };
		89CF56BD1FE39E3700C5F60D /* Model.swift */ = {isa = PBXFileReference; fileEncoding = 4; lastKnownFileType = sourcecode.swift; path = Model.swift; sourceTree = "<group>"; };
		89CF56BF1FE39E3700C5F60D /* File.swift */ = {isa = PBXFileReference; fileEncoding = 4; lastKnownFileType = sourcecode.swift; path = File.swift; sourceTree = "<group>"; };
		89CF56C01FE39E3700C5F60D /* HTTPRequestTool.swift */ = {isa = PBXFileReference; fileEncoding = 4; lastKnownFileType = sourcecode.swift; path = HTTPRequestTool.swift; sourceTree = "<group>"; };
		89CF56C11FE39E3700C5F60D /* SwiftMessageManager.swift */ = {isa = PBXFileReference; fileEncoding = 4; lastKnownFileType = sourcecode.swift; path = SwiftMessageManager.swift; sourceTree = "<group>"; };
		89CF56C21FE39E3700C5F60D /* UIView+ ViewChainable.swift */ = {isa = PBXFileReference; fileEncoding = 4; lastKnownFileType = sourcecode.swift; path = "UIView+ ViewChainable.swift"; sourceTree = "<group>"; };
		89CF56CB1FE39E5B00C5F60D /* LogInViewController.swift */ = {isa = PBXFileReference; lastKnownFileType = sourcecode.swift; path = LogInViewController.swift; sourceTree = "<group>"; };
		89CF56CC1FE39E5B00C5F60D /* LogInViewController.xib */ = {isa = PBXFileReference; lastKnownFileType = file.xib; path = LogInViewController.xib; sourceTree = "<group>"; };
		89CF56CF1FE3A1E000C5F60D /* MessageViewController.swift */ = {isa = PBXFileReference; lastKnownFileType = sourcecode.swift; path = MessageViewController.swift; sourceTree = "<group>"; };
		89CF56D01FE3A1E000C5F60D /* MessageViewController.xib */ = {isa = PBXFileReference; lastKnownFileType = file.xib; path = MessageViewController.xib; sourceTree = "<group>"; };
		89CF56D31FE3A1F000C5F60D /* WorktableViewController.swift */ = {isa = PBXFileReference; lastKnownFileType = sourcecode.swift; path = WorktableViewController.swift; sourceTree = "<group>"; };
		89CF56D41FE3A1F000C5F60D /* WorktableViewController.xib */ = {isa = PBXFileReference; lastKnownFileType = file.xib; path = WorktableViewController.xib; sourceTree = "<group>"; };
		89CF56D71FE3A1FD00C5F60D /* AddressBookViewController.swift */ = {isa = PBXFileReference; lastKnownFileType = sourcecode.swift; path = AddressBookViewController.swift; sourceTree = "<group>"; };
		89CF56D81FE3A1FD00C5F60D /* AddressBookViewController.xib */ = {isa = PBXFileReference; lastKnownFileType = file.xib; path = AddressBookViewController.xib; sourceTree = "<group>"; };
		89CF56E21FE3A9CA00C5F60D /* MessageViewModel.swift */ = {isa = PBXFileReference; lastKnownFileType = sourcecode.swift; path = MessageViewModel.swift; sourceTree = "<group>"; };
		89CF56E41FE3B13900C5F60D /* BaseModel.swift */ = {isa = PBXFileReference; lastKnownFileType = sourcecode.swift; path = BaseModel.swift; sourceTree = "<group>"; };
		89CF56E61FE3B71D00C5F60D /* MessageModel.swift */ = {isa = PBXFileReference; lastKnownFileType = sourcecode.swift; path = MessageModel.swift; sourceTree = "<group>"; };
		89D3BE381FFDC50F00830B90 /* EgoviOS-Swift-Bridging-Header.h */ = {isa = PBXFileReference; lastKnownFileType = sourcecode.c.h; path = "EgoviOS-Swift-Bridging-Header.h"; sourceTree = "<group>"; };
		89D3BE3F1FFDC52900830B90 /* JMDropMenu.h */ = {isa = PBXFileReference; fileEncoding = 4; lastKnownFileType = sourcecode.c.h; path = JMDropMenu.h; sourceTree = "<group>"; };
		89D3BE401FFDC52900830B90 /* JMDropMenu.m */ = {isa = PBXFileReference; fileEncoding = 4; lastKnownFileType = sourcecode.c.objc; path = JMDropMenu.m; sourceTree = "<group>"; };
		E978744145A220BA2EB7F8D1 /* Pods_EgoviOS_Swift.framework */ = {isa = PBXFileReference; explicitFileType = wrapper.framework; includeInIndex = 0; path = Pods_EgoviOS_Swift.framework; sourceTree = BUILT_PRODUCTS_DIR; };
/* End PBXFileReference section */

/* Begin PBXFrameworksBuildPhase section */
		89CF56831FE39D5C00C5F60D /* Frameworks */ = {
			isa = PBXFrameworksBuildPhase;
			buildActionMask = 2147483647;
			files = (
				AD22CB902036130FA4421763 /* Pods_EgoviOS_Swift.framework in Frameworks */,
			);
			runOnlyForDeploymentPostprocessing = 0;
		};
		89CF56971FE39D5C00C5F60D /* Frameworks */ = {
			isa = PBXFrameworksBuildPhase;
			buildActionMask = 2147483647;
			files = (
			);
			runOnlyForDeploymentPostprocessing = 0;
		};
		89CF56A21FE39D5C00C5F60D /* Frameworks */ = {
			isa = PBXFrameworksBuildPhase;
			buildActionMask = 2147483647;
			files = (
			);
			runOnlyForDeploymentPostprocessing = 0;
		};
/* End PBXFrameworksBuildPhase section */

/* Begin PBXGroup section */
		890CFFDE1FF34347008031EF /* 转发 */ = {
			isa = PBXGroup;
			children = (
				890CFFE61FF34CCD008031EF /* M */,
				890CFFE51FF34CC7008031EF /* VM */,
				890CFFE41FF34CC3008031EF /* V */,
				890CFFE31FF34CBC008031EF /* C */,
			);
			path = "转发";
			sourceTree = "<group>";
		};
		890CFFE31FF34CBC008031EF /* C */ = {
			isa = PBXGroup;
			children = (
				890CFFDF1FF3436F008031EF /* ForwardingViewController.swift */,
				890CFFE01FF3436F008031EF /* ForwardingViewController.xib */,
			);
			path = C;
			sourceTree = "<group>";
		};
		890CFFE41FF34CC3008031EF /* V */ = {
			isa = PBXGroup;
			children = (
				890CFFE71FF36C8B008031EF /* ForwardingTableViewCell.swift */,
				890CFFE81FF36C8B008031EF /* ForwardingTableViewCell.xib */,
				890CFFEB1FF36D95008031EF /* ForwardingCollectionViewCell.swift */,
				890CFFEC1FF36D95008031EF /* ForwardingCollectionViewCell.xib */,
			);
			path = V;
			sourceTree = "<group>";
		};
		890CFFE51FF34CC7008031EF /* VM */ = {
			isa = PBXGroup;
			children = (
			);
			path = VM;
			sourceTree = "<group>";
		};
		890CFFE61FF34CCD008031EF /* M */ = {
			isa = PBXGroup;
			children = (
			);
			path = M;
			sourceTree = "<group>";
		};
		8976CE251FFB326700A74035 /* 回复人员 */ = {
			isa = PBXGroup;
			children = (
				8976CE2D1FFB32B400A74035 /* M */,
				8976CE2C1FFB32AF00A74035 /* V */,
				8976CE2B1FFB32A800A74035 /* VM */,
				8976CE2A1FFB32A200A74035 /* C */,
			);
			path = "回复人员";
			sourceTree = "<group>";
		};
		8976CE2A1FFB32A200A74035 /* C */ = {
			isa = PBXGroup;
			children = (
				8976CE261FFB329D00A74035 /* AttendeesViewController.swift */,
				8976CE271FFB329D00A74035 /* AttendeesViewController.xib */,
			);
			path = C;
			sourceTree = "<group>";
		};
		8976CE2B1FFB32A800A74035 /* VM */ = {
			isa = PBXGroup;
			children = (
				8976CE2F1FFB32D400A74035 /* AttendeesViewModel.swift */,
			);
			path = VM;
			sourceTree = "<group>";
		};
		8976CE2C1FFB32AF00A74035 /* V */ = {
			isa = PBXGroup;
			children = (
				8976CE481FFB7DC600A74035 /* AttendeesTableViewCell.swift */,
				8976CE491FFB7DC600A74035 /* AttendeesTableViewCell.xib */,
			);
			path = V;
			sourceTree = "<group>";
		};
		8976CE2D1FFB32B400A74035 /* M */ = {
			isa = PBXGroup;
			children = (
				8976CE311FFB332800A74035 /* AttendeesModel.swift */,
			);
			path = M;
			sourceTree = "<group>";
		};
		8976CE331FFB57C500A74035 /* 发送人员 */ = {
			isa = PBXGroup;
			children = (
				8976CE3B1FFB583300A74035 /* M */,
				8976CE3A1FFB582F00A74035 /* V */,
				8976CE391FFB582A00A74035 /* VM */,
				8976CE381FFB582300A74035 /* C */,
			);
			path = "发送人员";
			sourceTree = "<group>";
		};
		8976CE381FFB582300A74035 /* C */ = {
			isa = PBXGroup;
			children = (
				8976CE341FFB582000A74035 /* PeopleRespondViewController.swift */,
				8976CE351FFB582000A74035 /* PeopleRespondViewController.xib */,
			);
			path = C;
			sourceTree = "<group>";
		};
		8976CE391FFB582A00A74035 /* VM */ = {
			isa = PBXGroup;
			children = (
				8976CE3C1FFB5D8500A74035 /* PeopleRespondViewModel.swift */,
			);
			path = VM;
			sourceTree = "<group>";
		};
		8976CE3A1FFB582F00A74035 /* V */ = {
			isa = PBXGroup;
			children = (
				8976CE441FFB74DC00A74035 /* PeopleRespondCell.swift */,
				8976CE451FFB74DC00A74035 /* PeopleRespondCell.xib */,
			);
			path = V;
			sourceTree = "<group>";
		};
		8976CE3B1FFB583300A74035 /* M */ = {
			isa = PBXGroup;
			children = (
				8976CE3E1FFB5DB800A74035 /* PeopleRespondModel.swift */,
			);
			path = M;
			sourceTree = "<group>";
		};
		8988578C1FE8B99300160D3F /* 通知详情 */ = {
			isa = PBXGroup;
			children = (
				898857981FE8C18B00160D3F /* M */,
				898857971FE8C17F00160D3F /* VM */,
				898857921FE8BF0600160D3F /* V */,
				898857911FE8BA2900160D3F /* C */,
			);
			path = "通知详情";
			sourceTree = "<group>";
		};
		898857911FE8BA2900160D3F /* C */ = {
			isa = PBXGroup;
			children = (
				8988578D1FE8BA2500160D3F /* InformTheDetailsViewController.swift */,
				8988578E1FE8BA2500160D3F /* InformTheDetailsViewController.xib */,
			);
			path = C;
			sourceTree = "<group>";
		};
		898857921FE8BF0600160D3F /* V */ = {
			isa = PBXGroup;
			children = (
				898857931FE8BF1300160D3F /* InformTheDetailsTableViewCell.swift */,
				898857941FE8BF1300160D3F /* InformTheDetailsTableViewCell.xib */,
			);
			path = V;
			sourceTree = "<group>";
		};
		898857971FE8C17F00160D3F /* VM */ = {
			isa = PBXGroup;
			children = (
				898857991FE8C1A300160D3F /* InformTheDetailsViewModel.swift */,
			);
			path = VM;
			sourceTree = "<group>";
		};
		898857981FE8C18B00160D3F /* M */ = {
			isa = PBXGroup;
			children = (
				8988579C1FE8C1C000160D3F /* InformTheDetailsModel.swift */,
			);
			path = M;
			sourceTree = "<group>";
		};
		8988579E1FE905F100160D3F /* 附件查看 */ = {
			isa = PBXGroup;
			children = (
				898857A11FE9063500160D3F /* AttachmentViewController.swift */,
			);
			path = "附件查看";
			sourceTree = "<group>";
		};
		8988B1461FFC6E8D0009C1A9 /* C */ = {
			isa = PBXGroup;
			children = (
				89CF56D31FE3A1F000C5F60D /* WorktableViewController.swift */,
				89CF56D41FE3A1F000C5F60D /* WorktableViewController.xib */,
			);
			path = C;
			sourceTree = "<group>";
		};
		8988B1471FFC6E930009C1A9 /* V */ = {
			isa = PBXGroup;
			children = (
				8988B1481FFC6EB00009C1A9 /* WorktableCollectionViewCell.swift */,
				8988B1491FFC6EB00009C1A9 /* WorktableCollectionViewCell.xib */,
				89050B141FFCBF5D00033BF9 /* WorktableHeadCollectionViewCell.swift */,
				89050B151FFCBF5D00033BF9 /* WorktableHeadCollectionViewCell.xib */,
			);
			path = V;
			sourceTree = "<group>";
		};
		8988B14F1FFCA6700009C1A9 /* M */ = {
			isa = PBXGroup;
			children = (
				8988B14C1FFCA6600009C1A9 /* WorktableViewModel.swift */,
			);
			path = M;
			sourceTree = "<group>";
		};
		8988B1501FFCA7C60009C1A9 /* VM */ = {
			isa = PBXGroup;
			children = (
				8988B1511FFCA7E30009C1A9 /* WorktableViewViewModel.swift */,
			);
			path = VM;
			sourceTree = "<group>";
		};
		89CF567D1FE39D5C00C5F60D = {
			isa = PBXGroup;
			children = (
				89CF56881FE39D5C00C5F60D /* EgoviOS-Swift */,
				89CF569D1FE39D5C00C5F60D /* EgoviOS-SwiftTests */,
				89CF56A81FE39D5D00C5F60D /* EgoviOS-SwiftUITests */,
				89CF56871FE39D5C00C5F60D /* Products */,
				AC786DFD142513ABF3950E4E /* Pods */,
				98E4C722943CA8CDDC6901CC /* Frameworks */,
			);
			sourceTree = "<group>";
		};
		89CF56871FE39D5C00C5F60D /* Products */ = {
			isa = PBXGroup;
			children = (
				89CF56861FE39D5C00C5F60D /* EgoviOS-Swift.app */,
				89CF569A1FE39D5C00C5F60D /* EgoviOS-SwiftTests.xctest */,
				89CF56A51FE39D5C00C5F60D /* EgoviOS-SwiftUITests.xctest */,
			);
			name = Products;
			sourceTree = "<group>";
		};
		89CF56881FE39D5C00C5F60D /* EgoviOS-Swift */ = {
			isa = PBXGroup;
			children = (
				89CF56DE1FE3A4E500C5F60D /* 总工作台 */,
				89CF56CA1FE39E4A00C5F60D /* 登录 */,
				89CF56B81FE39E3600C5F60D /* Base */,
				89CF56BC1FE39E3700C5F60D /* Model */,
				89CF56BE1FE39E3700C5F60D /* Tool */,
				89CF56BA1FE39E3600C5F60D /* ViewModel */,
				89CF56B71FE39E1800C5F60D /* Main */,
				89CF568D1FE39D5C00C5F60D /* Main.storyboard */,
				89CF56901FE39D5C00C5F60D /* Assets.xcassets */,
				89CF56921FE39D5C00C5F60D /* LaunchScreen.storyboard */,
				89CF56951FE39D5C00C5F60D /* Info.plist */,
			);
			path = "EgoviOS-Swift";
			sourceTree = "<group>";
		};
		89CF569D1FE39D5C00C5F60D /* EgoviOS-SwiftTests */ = {
			isa = PBXGroup;
			children = (
				89CF569E1FE39D5C00C5F60D /* EgoviOS_SwiftTests.swift */,
				89CF56A01FE39D5C00C5F60D /* Info.plist */,
			);
			path = "EgoviOS-SwiftTests";
			sourceTree = "<group>";
		};
		89CF56A81FE39D5D00C5F60D /* EgoviOS-SwiftUITests */ = {
			isa = PBXGroup;
			children = (
				89CF56A91FE39D5D00C5F60D /* EgoviOS_SwiftUITests.swift */,
				89CF56AB1FE39D5D00C5F60D /* Info.plist */,
			);
			path = "EgoviOS-SwiftUITests";
			sourceTree = "<group>";
		};
		89CF56B71FE39E1800C5F60D /* Main */ = {
			isa = PBXGroup;
			children = (
				89CF56891FE39D5C00C5F60D /* AppDelegate.swift */,
				89CF568B1FE39D5C00C5F60D /* ViewController.swift */,
			);
			path = Main;
			sourceTree = "<group>";
		};
		89CF56B81FE39E3600C5F60D /* Base */ = {
			isa = PBXGroup;
			children = (
				89CF56B91FE39E3600C5F60D /* BaseViewController.swift */,
				89CF56E41FE3B13900C5F60D /* BaseModel.swift */,
			);
			path = Base;
			sourceTree = "<group>";
		};
		89CF56BA1FE39E3600C5F60D /* ViewModel */ = {
			isa = PBXGroup;
			children = (
				89CF56BB1FE39E3600C5F60D /* ViewModel.swift */,
			);
			path = ViewModel;
			sourceTree = "<group>";
		};
		89CF56BC1FE39E3700C5F60D /* Model */ = {
			isa = PBXGroup;
			children = (
				89CF56BD1FE39E3700C5F60D /* Model.swift */,
			);
			path = Model;
			sourceTree = "<group>";
		};
		89CF56BE1FE39E3700C5F60D /* Tool */ = {
			isa = PBXGroup;
			children = (
				89D3BE3E1FFDC52900830B90 /* JMDropMenu */,
				89CF56BF1FE39E3700C5F60D /* File.swift */,
				89CF56C01FE39E3700C5F60D /* HTTPRequestTool.swift */,
				89CF56C11FE39E3700C5F60D /* SwiftMessageManager.swift */,
				89CF56C21FE39E3700C5F60D /* UIView+ ViewChainable.swift */,
				89D3BE381FFDC50F00830B90 /* EgoviOS-Swift-Bridging-Header.h */,
			);
			path = Tool;
			sourceTree = "<group>";
		};
		89CF56CA1FE39E4A00C5F60D /* 登录 */ = {
			isa = PBXGroup;
			children = (
				89CF56CB1FE39E5B00C5F60D /* LogInViewController.swift */,
				89CF56CC1FE39E5B00C5F60D /* LogInViewController.xib */,
			);
			path = "登录";
			sourceTree = "<group>";
		};
		89CF56DB1FE3A21E00C5F60D /* 通知 */ = {
			isa = PBXGroup;
			children = (
				8976CE331FFB57C500A74035 /* 发送人员 */,
				8976CE251FFB326700A74035 /* 回复人员 */,
				8988578C1FE8B99300160D3F /* 通知详情 */,
				89E20BD11FE76D1900E6C300 /* V */,
				89CF56E11FE3A9AD00C5F60D /* M */,
				89CF56E01FE3A9A400C5F60D /* VM */,
				89CF56DF1FE3A99D00C5F60D /* C */,
			);
			path = "通知";
			sourceTree = "<group>";
		};
		89CF56DC1FE3A22C00C5F60D /* 工作台 */ = {
			isa = PBXGroup;
			children = (
				8988B1501FFCA7C60009C1A9 /* VM */,
				8988B14F1FFCA6700009C1A9 /* M */,
				8988B1471FFC6E930009C1A9 /* V */,
				8988B1461FFC6E8D0009C1A9 /* C */,
			);
			path = "工作台";
			sourceTree = "<group>";
		};
		89CF56DD1FE3A23C00C5F60D /* 通讯录 */ = {
			isa = PBXGroup;
			children = (
				89CF56D71FE3A1FD00C5F60D /* AddressBookViewController.swift */,
				89CF56D81FE3A1FD00C5F60D /* AddressBookViewController.xib */,
			);
			path = "通讯录";
			sourceTree = "<group>";
		};
		89CF56DE1FE3A4E500C5F60D /* 总工作台 */ = {
			isa = PBXGroup;
			children = (
				890CFFDE1FF34347008031EF /* 转发 */,
				8988579E1FE905F100160D3F /* 附件查看 */,
				89CF56DB1FE3A21E00C5F60D /* 通知 */,
				89CF56DC1FE3A22C00C5F60D /* 工作台 */,
				89CF56DD1FE3A23C00C5F60D /* 通讯录 */,
			);
			path = "总工作台";
			sourceTree = "<group>";
		};
		89CF56DF1FE3A99D00C5F60D /* C */ = {
			isa = PBXGroup;
			children = (
				89CF56CF1FE3A1E000C5F60D /* MessageViewController.swift */,
				89CF56D01FE3A1E000C5F60D /* MessageViewController.xib */,
			);
			path = C;
			sourceTree = "<group>";
		};
		89CF56E01FE3A9A400C5F60D /* VM */ = {
			isa = PBXGroup;
			children = (
				89CF56E21FE3A9CA00C5F60D /* MessageViewModel.swift */,
				894B65651FE75C3000FA17F2 /* MessageRefreshViewModel.swift */,
			);
			path = VM;
			sourceTree = "<group>";
		};
		89CF56E11FE3A9AD00C5F60D /* M */ = {
			isa = PBXGroup;
			children = (
				89CF56E61FE3B71D00C5F60D /* MessageModel.swift */,
			);
			path = M;
			sourceTree = "<group>";
		};
		89D3BE3E1FFDC52900830B90 /* JMDropMenu */ = {
			isa = PBXGroup;
			children = (
				89D3BE3F1FFDC52900830B90 /* JMDropMenu.h */,
				89D3BE401FFDC52900830B90 /* JMDropMenu.m */,
			);
			path = JMDropMenu;
			sourceTree = "<group>";
		};
		89E20BD11FE76D1900E6C300 /* V */ = {
			isa = PBXGroup;
			children = (
				899C39831FE7A83500AC6653 /* MessageTableViewCell.swift */,
				899C39841FE7A83500AC6653 /* MessageTableViewCell.xib */,
			);
			path = V;
			sourceTree = "<group>";
		};
		98E4C722943CA8CDDC6901CC /* Frameworks */ = {
			isa = PBXGroup;
			children = (
				E978744145A220BA2EB7F8D1 /* Pods_EgoviOS_Swift.framework */,
			);
			name = Frameworks;
			sourceTree = "<group>";
		};
		AC786DFD142513ABF3950E4E /* Pods */ = {
			isa = PBXGroup;
			children = (
				2A0A4F6D52BB7C7150CADAF3 /* Pods-EgoviOS-Swift.debug.xcconfig */,
				32020B70750EA28CE5838BB6 /* Pods-EgoviOS-Swift.release.xcconfig */,
			);
			name = Pods;
			sourceTree = "<group>";
		};
/* End PBXGroup section */

/* Begin PBXNativeTarget section */
		89CF56851FE39D5C00C5F60D /* EgoviOS-Swift */ = {
			isa = PBXNativeTarget;
			buildConfigurationList = 89CF56AE1FE39D5D00C5F60D /* Build configuration list for PBXNativeTarget "EgoviOS-Swift" */;
			buildPhases = (
				A43A6F874BFF8CD185E2CB1B /* [CP] Check Pods Manifest.lock */,
				89CF56821FE39D5C00C5F60D /* Sources */,
				89CF56831FE39D5C00C5F60D /* Frameworks */,
				89CF56841FE39D5C00C5F60D /* Resources */,
				95E7D0AB3561ED3FD2D929D9 /* [CP] Embed Pods Frameworks */,
				AE527A476AE3E245DE6C8879 /* [CP] Copy Pods Resources */,
			);
			buildRules = (
			);
			dependencies = (
			);
			name = "EgoviOS-Swift";
			productName = "EgoviOS-Swift";
			productReference = 89CF56861FE39D5C00C5F60D /* EgoviOS-Swift.app */;
			productType = "com.apple.product-type.application";
		};
		89CF56991FE39D5C00C5F60D /* EgoviOS-SwiftTests */ = {
			isa = PBXNativeTarget;
			buildConfigurationList = 89CF56B11FE39D5D00C5F60D /* Build configuration list for PBXNativeTarget "EgoviOS-SwiftTests" */;
			buildPhases = (
				89CF56961FE39D5C00C5F60D /* Sources */,
				89CF56971FE39D5C00C5F60D /* Frameworks */,
				89CF56981FE39D5C00C5F60D /* Resources */,
			);
			buildRules = (
			);
			dependencies = (
				89CF569C1FE39D5C00C5F60D /* PBXTargetDependency */,
			);
			name = "EgoviOS-SwiftTests";
			productName = "EgoviOS-SwiftTests";
			productReference = 89CF569A1FE39D5C00C5F60D /* EgoviOS-SwiftTests.xctest */;
			productType = "com.apple.product-type.bundle.unit-test";
		};
		89CF56A41FE39D5C00C5F60D /* EgoviOS-SwiftUITests */ = {
			isa = PBXNativeTarget;
			buildConfigurationList = 89CF56B41FE39D5D00C5F60D /* Build configuration list for PBXNativeTarget "EgoviOS-SwiftUITests" */;
			buildPhases = (
				89CF56A11FE39D5C00C5F60D /* Sources */,
				89CF56A21FE39D5C00C5F60D /* Frameworks */,
				89CF56A31FE39D5C00C5F60D /* Resources */,
			);
			buildRules = (
			);
			dependencies = (
				89CF56A71FE39D5D00C5F60D /* PBXTargetDependency */,
			);
			name = "EgoviOS-SwiftUITests";
			productName = "EgoviOS-SwiftUITests";
			productReference = 89CF56A51FE39D5C00C5F60D /* EgoviOS-SwiftUITests.xctest */;
			productType = "com.apple.product-type.bundle.ui-testing";
		};
/* End PBXNativeTarget section */

/* Begin PBXProject section */
		89CF567E1FE39D5C00C5F60D /* Project object */ = {
			isa = PBXProject;
			attributes = {
				LastSwiftUpdateCheck = 0920;
				LastUpgradeCheck = 0920;
				ORGANIZATIONNAME = "新龙科技";
				TargetAttributes = {
					89CF56851FE39D5C00C5F60D = {
						CreatedOnToolsVersion = 9.2;
						LastSwiftMigration = 0920;
						ProvisioningStyle = Automatic;
					};
					89CF56991FE39D5C00C5F60D = {
						CreatedOnToolsVersion = 9.2;
						ProvisioningStyle = Automatic;
						TestTargetID = 89CF56851FE39D5C00C5F60D;
					};
					89CF56A41FE39D5C00C5F60D = {
						CreatedOnToolsVersion = 9.2;
						ProvisioningStyle = Automatic;
						TestTargetID = 89CF56851FE39D5C00C5F60D;
					};
				};
			};
			buildConfigurationList = 89CF56811FE39D5C00C5F60D /* Build configuration list for PBXProject "EgoviOS-Swift" */;
			compatibilityVersion = "Xcode 8.0";
			developmentRegion = en;
			hasScannedForEncodings = 0;
			knownRegions = (
				en,
				Base,
			);
			mainGroup = 89CF567D1FE39D5C00C5F60D;
			productRefGroup = 89CF56871FE39D5C00C5F60D /* Products */;
			projectDirPath = "";
			projectRoot = "";
			targets = (
				89CF56851FE39D5C00C5F60D /* EgoviOS-Swift */,
				89CF56991FE39D5C00C5F60D /* EgoviOS-SwiftTests */,
				89CF56A41FE39D5C00C5F60D /* EgoviOS-SwiftUITests */,
			);
		};
/* End PBXProject section */

/* Begin PBXResourcesBuildPhase section */
		89CF56841FE39D5C00C5F60D /* Resources */ = {
			isa = PBXResourcesBuildPhase;
			buildActionMask = 2147483647;
			files = (
				8988B14B1FFC6EB00009C1A9 /* WorktableCollectionViewCell.xib in Resources */,
				89CF56CE1FE39E5B00C5F60D /* LogInViewController.xib in Resources */,
				890CFFE21FF3436F008031EF /* ForwardingViewController.xib in Resources */,
				898857901FE8BA2500160D3F /* InformTheDetailsViewController.xib in Resources */,
				899C39861FE7A83500AC6653 /* MessageTableViewCell.xib in Resources */,
				89CF56DA1FE3A1FD00C5F60D /* AddressBookViewController.xib in Resources */,
				89CF56D21FE3A1E000C5F60D /* MessageViewController.xib in Resources */,
				8976CE471FFB74DC00A74035 /* PeopleRespondCell.xib in Resources */,
				8976CE371FFB582000A74035 /* PeopleRespondViewController.xib in Resources */,
				890CFFEE1FF36D95008031EF /* ForwardingCollectionViewCell.xib in Resources */,
				898857961FE8BF1300160D3F /* InformTheDetailsTableViewCell.xib in Resources */,
				89CF56941FE39D5C00C5F60D /* LaunchScreen.storyboard in Resources */,
				89CF56911FE39D5C00C5F60D /* Assets.xcassets in Resources */,
				8976CE291FFB329D00A74035 /* AttendeesViewController.xib in Resources */,
				8976CE4B1FFB7DC600A74035 /* AttendeesTableViewCell.xib in Resources */,
				89050B171FFCBF5D00033BF9 /* WorktableHeadCollectionViewCell.xib in Resources */,
				89CF56D61FE3A1F000C5F60D /* WorktableViewController.xib in Resources */,
				890CFFEA1FF36C8B008031EF /* ForwardingTableViewCell.xib in Resources */,
				89CF568F1FE39D5C00C5F60D /* Main.storyboard in Resources */,
			);
			runOnlyForDeploymentPostprocessing = 0;
		};
		89CF56981FE39D5C00C5F60D /* Resources */ = {
			isa = PBXResourcesBuildPhase;
			buildActionMask = 2147483647;
			files = (
			);
			runOnlyForDeploymentPostprocessing = 0;
		};
		89CF56A31FE39D5C00C5F60D /* Resources */ = {
			isa = PBXResourcesBuildPhase;
			buildActionMask = 2147483647;
			files = (
			);
			runOnlyForDeploymentPostprocessing = 0;
		};
/* End PBXResourcesBuildPhase section */

/* Begin PBXShellScriptBuildPhase section */
		95E7D0AB3561ED3FD2D929D9 /* [CP] Embed Pods Frameworks */ = {
			isa = PBXShellScriptBuildPhase;
			buildActionMask = 2147483647;
			files = (
			);
			inputPaths = (
				"${SRCROOT}/Pods/Target Support Files/Pods-EgoviOS-Swift/Pods-EgoviOS-Swift-frameworks.sh",
				"${BUILT_PRODUCTS_DIR}/Alamofire/Alamofire.framework",
				"${BUILT_PRODUCTS_DIR}/CryptoSwift/CryptoSwift.framework",
				"${BUILT_PRODUCTS_DIR}/Differentiator/Differentiator.framework",
				"${BUILT_PRODUCTS_DIR}/EZSwiftExtensions/EZSwiftExtensions.framework",
				"${BUILT_PRODUCTS_DIR}/FSCalendar/FSCalendar.framework",
				"${BUILT_PRODUCTS_DIR}/FileBrowser/FileBrowser.framework",
				"${BUILT_PRODUCTS_DIR}/Hero/Hero.framework",
				"${BUILT_PRODUCTS_DIR}/IQKeyboardManager/IQKeyboardManager.framework",
				"${BUILT_PRODUCTS_DIR}/Kingfisher/Kingfisher.framework",
				"${BUILT_PRODUCTS_DIR}/MJRefresh/MJRefresh.framework",
				"${BUILT_PRODUCTS_DIR}/Moya/Moya.framework",
				"${BUILT_PRODUCTS_DIR}/Moya-ObjectMapper/Moya_ObjectMapper.framework",
				"${BUILT_PRODUCTS_DIR}/NSObject+Rx/NSObject_Rx.framework",
				"${BUILT_PRODUCTS_DIR}/NVActivityIndicatorView/NVActivityIndicatorView.framework",
				"${BUILT_PRODUCTS_DIR}/ObjectMapper/ObjectMapper.framework",
				"${BUILT_PRODUCTS_DIR}/Result/Result.framework",
				"${BUILT_PRODUCTS_DIR}/Reusable/Reusable.framework",
				"${BUILT_PRODUCTS_DIR}/RxCocoa/RxCocoa.framework",
				"${BUILT_PRODUCTS_DIR}/RxDataSources/RxDataSources.framework",
				"${BUILT_PRODUCTS_DIR}/RxSwift/RxSwift.framework",
				"${BUILT_PRODUCTS_DIR}/SnapKit/SnapKit.framework",
				"${BUILT_PRODUCTS_DIR}/SwiftMessages/SwiftMessages.framework",
				"${BUILT_PRODUCTS_DIR}/SwiftyJSON/SwiftyJSON.framework",
				"${BUILT_PRODUCTS_DIR}/Then/Then.framework",
			);
			name = "[CP] Embed Pods Frameworks";
			outputPaths = (
				"${TARGET_BUILD_DIR}/${FRAMEWORKS_FOLDER_PATH}/Alamofire.framework",
				"${TARGET_BUILD_DIR}/${FRAMEWORKS_FOLDER_PATH}/CryptoSwift.framework",
				"${TARGET_BUILD_DIR}/${FRAMEWORKS_FOLDER_PATH}/Differentiator.framework",
				"${TARGET_BUILD_DIR}/${FRAMEWORKS_FOLDER_PATH}/EZSwiftExtensions.framework",
				"${TARGET_BUILD_DIR}/${FRAMEWORKS_FOLDER_PATH}/FSCalendar.framework",
				"${TARGET_BUILD_DIR}/${FRAMEWORKS_FOLDER_PATH}/FileBrowser.framework",
				"${TARGET_BUILD_DIR}/${FRAMEWORKS_FOLDER_PATH}/Hero.framework",
				"${TARGET_BUILD_DIR}/${FRAMEWORKS_FOLDER_PATH}/IQKeyboardManager.framework",
				"${TARGET_BUILD_DIR}/${FRAMEWORKS_FOLDER_PATH}/Kingfisher.framework",
				"${TARGET_BUILD_DIR}/${FRAMEWORKS_FOLDER_PATH}/MJRefresh.framework",
				"${TARGET_BUILD_DIR}/${FRAMEWORKS_FOLDER_PATH}/Moya.framework",
				"${TARGET_BUILD_DIR}/${FRAMEWORKS_FOLDER_PATH}/Moya_ObjectMapper.framework",
				"${TARGET_BUILD_DIR}/${FRAMEWORKS_FOLDER_PATH}/NSObject_Rx.framework",
				"${TARGET_BUILD_DIR}/${FRAMEWORKS_FOLDER_PATH}/NVActivityIndicatorView.framework",
				"${TARGET_BUILD_DIR}/${FRAMEWORKS_FOLDER_PATH}/ObjectMapper.framework",
				"${TARGET_BUILD_DIR}/${FRAMEWORKS_FOLDER_PATH}/Result.framework",
				"${TARGET_BUILD_DIR}/${FRAMEWORKS_FOLDER_PATH}/Reusable.framework",
				"${TARGET_BUILD_DIR}/${FRAMEWORKS_FOLDER_PATH}/RxCocoa.framework",
				"${TARGET_BUILD_DIR}/${FRAMEWORKS_FOLDER_PATH}/RxDataSources.framework",
				"${TARGET_BUILD_DIR}/${FRAMEWORKS_FOLDER_PATH}/RxSwift.framework",
				"${TARGET_BUILD_DIR}/${FRAMEWORKS_FOLDER_PATH}/SnapKit.framework",
				"${TARGET_BUILD_DIR}/${FRAMEWORKS_FOLDER_PATH}/SwiftMessages.framework",
				"${TARGET_BUILD_DIR}/${FRAMEWORKS_FOLDER_PATH}/SwiftyJSON.framework",
				"${TARGET_BUILD_DIR}/${FRAMEWORKS_FOLDER_PATH}/Then.framework",
			);
			runOnlyForDeploymentPostprocessing = 0;
			shellPath = /bin/sh;
			shellScript = "\"${SRCROOT}/Pods/Target Support Files/Pods-EgoviOS-Swift/Pods-EgoviOS-Swift-frameworks.sh\"\n";
			showEnvVarsInLog = 0;
		};
		A43A6F874BFF8CD185E2CB1B /* [CP] Check Pods Manifest.lock */ = {
			isa = PBXShellScriptBuildPhase;
			buildActionMask = 2147483647;
			files = (
			);
			inputPaths = (
				"${PODS_PODFILE_DIR_PATH}/Podfile.lock",
				"${PODS_ROOT}/Manifest.lock",
			);
			name = "[CP] Check Pods Manifest.lock";
			outputPaths = (
				"$(DERIVED_FILE_DIR)/Pods-EgoviOS-Swift-checkManifestLockResult.txt",
			);
			runOnlyForDeploymentPostprocessing = 0;
			shellPath = /bin/sh;
			shellScript = "diff \"${PODS_PODFILE_DIR_PATH}/Podfile.lock\" \"${PODS_ROOT}/Manifest.lock\" > /dev/null\nif [ $? != 0 ] ; then\n    # print error to STDERR\n    echo \"error: The sandbox is not in sync with the Podfile.lock. Run 'pod install' or update your CocoaPods installation.\" >&2\n    exit 1\nfi\n# This output is used by Xcode 'outputs' to avoid re-running this script phase.\necho \"SUCCESS\" > \"${SCRIPT_OUTPUT_FILE_0}\"\n";
			showEnvVarsInLog = 0;
		};
		AE527A476AE3E245DE6C8879 /* [CP] Copy Pods Resources */ = {
			isa = PBXShellScriptBuildPhase;
			buildActionMask = 2147483647;
			files = (
			);
			inputPaths = (
			);
			name = "[CP] Copy Pods Resources";
			outputPaths = (
			);
			runOnlyForDeploymentPostprocessing = 0;
			shellPath = /bin/sh;
			shellScript = "\"${SRCROOT}/Pods/Target Support Files/Pods-EgoviOS-Swift/Pods-EgoviOS-Swift-resources.sh\"\n";
			showEnvVarsInLog = 0;
		};
/* End PBXShellScriptBuildPhase section */

/* Begin PBXSourcesBuildPhase section */
		89CF56821FE39D5C00C5F60D /* Sources */ = {
			isa = PBXSourcesBuildPhase;
			buildActionMask = 2147483647;
			files = (
				8988578F1FE8BA2500160D3F /* InformTheDetailsViewController.swift in Sources */,
				8976CE3D1FFB5D8500A74035 /* PeopleRespondViewModel.swift in Sources */,
				8988579A1FE8C1A300160D3F /* InformTheDetailsViewModel.swift in Sources */,
				89CF56D91FE3A1FD00C5F60D /* AddressBookViewController.swift in Sources */,
				8976CE3F1FFB5DB800A74035 /* PeopleRespondModel.swift in Sources */,
				8976CE281FFB329D00A74035 /* AttendeesViewController.swift in Sources */,
				89CF56C71FE39E3700C5F60D /* HTTPRequestTool.swift in Sources */,
				8976CE321FFB332800A74035 /* AttendeesModel.swift in Sources */,
				89CF56C81FE39E3700C5F60D /* SwiftMessageManager.swift in Sources */,
				890CFFE91FF36C8B008031EF /* ForwardingTableViewCell.swift in Sources */,
				89CF56E71FE3B71D00C5F60D /* MessageModel.swift in Sources */,
				8976CE4A1FFB7DC600A74035 /* AttendeesTableViewCell.swift in Sources */,
				898857A21FE9063500160D3F /* AttachmentViewController.swift in Sources */,
				89CF56C51FE39E3700C5F60D /* Model.swift in Sources */,
				89CF56E31FE3A9CA00C5F60D /* MessageViewModel.swift in Sources */,
				89CF56C61FE39E3700C5F60D /* File.swift in Sources */,
				89050B161FFCBF5D00033BF9 /* WorktableHeadCollectionViewCell.swift in Sources */,
				890CFFED1FF36D95008031EF /* ForwardingCollectionViewCell.swift in Sources */,
				89CF568C1FE39D5C00C5F60D /* ViewController.swift in Sources */,
				8988B14D1FFCA6600009C1A9 /* WorktableViewModel.swift in Sources */,
				8976CE461FFB74DC00A74035 /* PeopleRespondCell.swift in Sources */,
				8976CE361FFB582000A74035 /* PeopleRespondViewController.swift in Sources */,
				89CF568A1FE39D5C00C5F60D /* AppDelegate.swift in Sources */,
				8988579D1FE8C1C000160D3F /* InformTheDetailsModel.swift in Sources */,
				8988B1521FFCA7E30009C1A9 /* WorktableViewViewModel.swift in Sources */,
				89CF56D51FE3A1F000C5F60D /* WorktableViewController.swift in Sources */,
				898857951FE8BF1300160D3F /* InformTheDetailsTableViewCell.swift in Sources */,
				89D3BE411FFDC52900830B90 /* JMDropMenu.m in Sources */,
				894B65661FE75C3000FA17F2 /* MessageRefreshViewModel.swift in Sources */,
				899C39851FE7A83500AC6653 /* MessageTableViewCell.swift in Sources */,
				89CF56E51FE3B13900C5F60D /* BaseModel.swift in Sources */,
				89CF56C91FE39E3700C5F60D /* UIView+ ViewChainable.swift in Sources */,
				890CFFE11FF3436F008031EF /* ForwardingViewController.swift in Sources */,
				89CF56D11FE3A1E000C5F60D /* MessageViewController.swift in Sources */,
				8988B14A1FFC6EB00009C1A9 /* WorktableCollectionViewCell.swift in Sources */,
				8976CE301FFB32D400A74035 /* AttendeesViewModel.swift in Sources */,
				89CF56C41FE39E3700C5F60D /* ViewModel.swift in Sources */,
				89CF56CD1FE39E5B00C5F60D /* LogInViewController.swift in Sources */,
				89CF56C31FE39E3700C5F60D /* BaseViewController.swift in Sources */,
			);
			runOnlyForDeploymentPostprocessing = 0;
		};
		89CF56961FE39D5C00C5F60D /* Sources */ = {
			isa = PBXSourcesBuildPhase;
			buildActionMask = 2147483647;
			files = (
				89CF569F1FE39D5C00C5F60D /* EgoviOS_SwiftTests.swift in Sources */,
			);
			runOnlyForDeploymentPostprocessing = 0;
		};
		89CF56A11FE39D5C00C5F60D /* Sources */ = {
			isa = PBXSourcesBuildPhase;
			buildActionMask = 2147483647;
			files = (
				89CF56AA1FE39D5D00C5F60D /* EgoviOS_SwiftUITests.swift in Sources */,
			);
			runOnlyForDeploymentPostprocessing = 0;
		};
/* End PBXSourcesBuildPhase section */

/* Begin PBXTargetDependency section */
		89CF569C1FE39D5C00C5F60D /* PBXTargetDependency */ = {
			isa = PBXTargetDependency;
			target = 89CF56851FE39D5C00C5F60D /* EgoviOS-Swift */;
			targetProxy = 89CF569B1FE39D5C00C5F60D /* PBXContainerItemProxy */;
		};
		89CF56A71FE39D5D00C5F60D /* PBXTargetDependency */ = {
			isa = PBXTargetDependency;
			target = 89CF56851FE39D5C00C5F60D /* EgoviOS-Swift */;
			targetProxy = 89CF56A61FE39D5D00C5F60D /* PBXContainerItemProxy */;
		};
/* End PBXTargetDependency section */

/* Begin PBXVariantGroup section */
		89CF568D1FE39D5C00C5F60D /* Main.storyboard */ = {
			isa = PBXVariantGroup;
			children = (
				89CF568E1FE39D5C00C5F60D /* Base */,
			);
			name = Main.storyboard;
			sourceTree = "<group>";
		};
		89CF56921FE39D5C00C5F60D /* LaunchScreen.storyboard */ = {
			isa = PBXVariantGroup;
			children = (
				89CF56931FE39D5C00C5F60D /* Base */,
			);
			name = LaunchScreen.storyboard;
			sourceTree = "<group>";
		};
/* End PBXVariantGroup section */

/* Begin XCBuildConfiguration section */
		89CF56AC1FE39D5D00C5F60D /* Debug */ = {
			isa = XCBuildConfiguration;
			buildSettings = {
				ALWAYS_SEARCH_USER_PATHS = NO;
				CLANG_ANALYZER_NONNULL = YES;
				CLANG_ANALYZER_NUMBER_OBJECT_CONVERSION = YES_AGGRESSIVE;
				CLANG_CXX_LANGUAGE_STANDARD = "gnu++14";
				CLANG_CXX_LIBRARY = "libc++";
				CLANG_ENABLE_MODULES = YES;
				CLANG_ENABLE_OBJC_ARC = YES;
				CLANG_WARN_BLOCK_CAPTURE_AUTORELEASING = YES;
				CLANG_WARN_BOOL_CONVERSION = YES;
				CLANG_WARN_COMMA = YES;
				CLANG_WARN_CONSTANT_CONVERSION = YES;
				CLANG_WARN_DIRECT_OBJC_ISA_USAGE = YES_ERROR;
				CLANG_WARN_DOCUMENTATION_COMMENTS = YES;
				CLANG_WARN_EMPTY_BODY = YES;
				CLANG_WARN_ENUM_CONVERSION = YES;
				CLANG_WARN_INFINITE_RECURSION = YES;
				CLANG_WARN_INT_CONVERSION = YES;
				CLANG_WARN_NON_LITERAL_NULL_CONVERSION = YES;
				CLANG_WARN_OBJC_LITERAL_CONVERSION = YES;
				CLANG_WARN_OBJC_ROOT_CLASS = YES_ERROR;
				CLANG_WARN_RANGE_LOOP_ANALYSIS = YES;
				CLANG_WARN_STRICT_PROTOTYPES = YES;
				CLANG_WARN_SUSPICIOUS_MOVE = YES;
				CLANG_WARN_UNGUARDED_AVAILABILITY = YES_AGGRESSIVE;
				CLANG_WARN_UNREACHABLE_CODE = YES;
				CLANG_WARN__DUPLICATE_METHOD_MATCH = YES;
				CODE_SIGN_IDENTITY = "iPhone Developer";
				COPY_PHASE_STRIP = NO;
				DEBUG_INFORMATION_FORMAT = dwarf;
				ENABLE_STRICT_OBJC_MSGSEND = YES;
				ENABLE_TESTABILITY = YES;
				GCC_C_LANGUAGE_STANDARD = gnu11;
				GCC_DYNAMIC_NO_PIC = NO;
				GCC_NO_COMMON_BLOCKS = YES;
				GCC_OPTIMIZATION_LEVEL = 0;
				GCC_PREPROCESSOR_DEFINITIONS = (
					"DEBUG=1",
					"$(inherited)",
				);
				GCC_WARN_64_TO_32_BIT_CONVERSION = YES;
				GCC_WARN_ABOUT_RETURN_TYPE = YES_ERROR;
				GCC_WARN_UNDECLARED_SELECTOR = YES;
				GCC_WARN_UNINITIALIZED_AUTOS = YES_AGGRESSIVE;
				GCC_WARN_UNUSED_FUNCTION = YES;
				GCC_WARN_UNUSED_VARIABLE = YES;
				IPHONEOS_DEPLOYMENT_TARGET = 11.2;
				MTL_ENABLE_DEBUG_INFO = YES;
				ONLY_ACTIVE_ARCH = YES;
				SDKROOT = iphoneos;
				SWIFT_ACTIVE_COMPILATION_CONDITIONS = DEBUG;
				SWIFT_OPTIMIZATION_LEVEL = "-Onone";
			};
			name = Debug;
		};
		89CF56AD1FE39D5D00C5F60D /* Release */ = {
			isa = XCBuildConfiguration;
			buildSettings = {
				ALWAYS_SEARCH_USER_PATHS = NO;
				CLANG_ANALYZER_NONNULL = YES;
				CLANG_ANALYZER_NUMBER_OBJECT_CONVERSION = YES_AGGRESSIVE;
				CLANG_CXX_LANGUAGE_STANDARD = "gnu++14";
				CLANG_CXX_LIBRARY = "libc++";
				CLANG_ENABLE_MODULES = YES;
				CLANG_ENABLE_OBJC_ARC = YES;
				CLANG_WARN_BLOCK_CAPTURE_AUTORELEASING = YES;
				CLANG_WARN_BOOL_CONVERSION = YES;
				CLANG_WARN_COMMA = YES;
				CLANG_WARN_CONSTANT_CONVERSION = YES;
				CLANG_WARN_DIRECT_OBJC_ISA_USAGE = YES_ERROR;
				CLANG_WARN_DOCUMENTATION_COMMENTS = YES;
				CLANG_WARN_EMPTY_BODY = YES;
				CLANG_WARN_ENUM_CONVERSION = YES;
				CLANG_WARN_INFINITE_RECURSION = YES;
				CLANG_WARN_INT_CONVERSION = YES;
				CLANG_WARN_NON_LITERAL_NULL_CONVERSION = YES;
				CLANG_WARN_OBJC_LITERAL_CONVERSION = YES;
				CLANG_WARN_OBJC_ROOT_CLASS = YES_ERROR;
				CLANG_WARN_RANGE_LOOP_ANALYSIS = YES;
				CLANG_WARN_STRICT_PROTOTYPES = YES;
				CLANG_WARN_SUSPICIOUS_MOVE = YES;
				CLANG_WARN_UNGUARDED_AVAILABILITY = YES_AGGRESSIVE;
				CLANG_WARN_UNREACHABLE_CODE = YES;
				CLANG_WARN__DUPLICATE_METHOD_MATCH = YES;
				CODE_SIGN_IDENTITY = "iPhone Developer";
				COPY_PHASE_STRIP = NO;
				DEBUG_INFORMATION_FORMAT = "dwarf-with-dsym";
				ENABLE_NS_ASSERTIONS = NO;
				ENABLE_STRICT_OBJC_MSGSEND = YES;
				GCC_C_LANGUAGE_STANDARD = gnu11;
				GCC_NO_COMMON_BLOCKS = YES;
				GCC_WARN_64_TO_32_BIT_CONVERSION = YES;
				GCC_WARN_ABOUT_RETURN_TYPE = YES_ERROR;
				GCC_WARN_UNDECLARED_SELECTOR = YES;
				GCC_WARN_UNINITIALIZED_AUTOS = YES_AGGRESSIVE;
				GCC_WARN_UNUSED_FUNCTION = YES;
				GCC_WARN_UNUSED_VARIABLE = YES;
				IPHONEOS_DEPLOYMENT_TARGET = 11.2;
				MTL_ENABLE_DEBUG_INFO = NO;
				SDKROOT = iphoneos;
				SWIFT_OPTIMIZATION_LEVEL = "-Owholemodule";
				VALIDATE_PRODUCT = YES;
			};
			name = Release;
		};
		89CF56AF1FE39D5D00C5F60D /* Debug */ = {
			isa = XCBuildConfiguration;
			baseConfigurationReference = 2A0A4F6D52BB7C7150CADAF3 /* Pods-EgoviOS-Swift.debug.xcconfig */;
			buildSettings = {
				ASSETCATALOG_COMPILER_APPICON_NAME = AppIcon;
				CLANG_ENABLE_MODULES = YES;
				CODE_SIGN_STYLE = Automatic;
				DEVELOPMENT_TEAM = VALQ39Y9P2;
				INFOPLIST_FILE = "EgoviOS-Swift/Info.plist";
				IPHONEOS_DEPLOYMENT_TARGET = 9.0;
				LD_RUNPATH_SEARCH_PATHS = "$(inherited) @executable_path/Frameworks";
				PRODUCT_BUNDLE_IDENTIFIER = "zyx.EgoviOS-Swift";
				PRODUCT_NAME = "$(TARGET_NAME)";
				SWIFT_OBJC_BRIDGING_HEADER = "EgoviOS-Swift/Tool/EgoviOS-Swift-Bridging-Header.h";
				SWIFT_OPTIMIZATION_LEVEL = "-Onone";
				SWIFT_VERSION = 4.0;
				TARGETED_DEVICE_FAMILY = "1,2";
			};
			name = Debug;
		};
		89CF56B01FE39D5D00C5F60D /* Release */ = {
			isa = XCBuildConfiguration;
			baseConfigurationReference = 32020B70750EA28CE5838BB6 /* Pods-EgoviOS-Swift.release.xcconfig */;
			buildSettings = {
				ASSETCATALOG_COMPILER_APPICON_NAME = AppIcon;
				CLANG_ENABLE_MODULES = YES;
				CODE_SIGN_STYLE = Automatic;
				DEVELOPMENT_TEAM = VALQ39Y9P2;
				INFOPLIST_FILE = "EgoviOS-Swift/Info.plist";
				IPHONEOS_DEPLOYMENT_TARGET = 9.0;
				LD_RUNPATH_SEARCH_PATHS = "$(inherited) @executable_path/Frameworks";
				PRODUCT_BUNDLE_IDENTIFIER = "zyx.EgoviOS-Swift";
				PRODUCT_NAME = "$(TARGET_NAME)";
				SWIFT_OBJC_BRIDGING_HEADER = "EgoviOS-Swift/Tool/EgoviOS-Swift-Bridging-Header.h";
				SWIFT_VERSION = 4.0;
				TARGETED_DEVICE_FAMILY = "1,2";
			};
			name = Release;
		};
		89CF56B21FE39D5D00C5F60D /* Debug */ = {
			isa = XCBuildConfiguration;
			buildSettings = {
				ALWAYS_EMBED_SWIFT_STANDARD_LIBRARIES = YES;
				BUNDLE_LOADER = "$(TEST_HOST)";
				CODE_SIGN_STYLE = Automatic;
				DEVELOPMENT_TEAM = VALQ39Y9P2;
				INFOPLIST_FILE = "EgoviOS-SwiftTests/Info.plist";
				LD_RUNPATH_SEARCH_PATHS = "$(inherited) @executable_path/Frameworks @loader_path/Frameworks";
				PRODUCT_BUNDLE_IDENTIFIER = "zyx.EgoviOS-SwiftTests";
				PRODUCT_NAME = "$(TARGET_NAME)";
				SWIFT_VERSION = 4.0;
				TARGETED_DEVICE_FAMILY = "1,2";
				TEST_HOST = "$(BUILT_PRODUCTS_DIR)/EgoviOS-Swift.app/EgoviOS-Swift";
			};
			name = Debug;
		};
		89CF56B31FE39D5D00C5F60D /* Release */ = {
			isa = XCBuildConfiguration;
			buildSettings = {
				ALWAYS_EMBED_SWIFT_STANDARD_LIBRARIES = YES;
				BUNDLE_LOADER = "$(TEST_HOST)";
				CODE_SIGN_STYLE = Automatic;
				DEVELOPMENT_TEAM = VALQ39Y9P2;
				INFOPLIST_FILE = "EgoviOS-SwiftTests/Info.plist";
				LD_RUNPATH_SEARCH_PATHS = "$(inherited) @executable_path/Frameworks @loader_path/Frameworks";
				PRODUCT_BUNDLE_IDENTIFIER = "zyx.EgoviOS-SwiftTests";
				PRODUCT_NAME = "$(TARGET_NAME)";
				SWIFT_VERSION = 4.0;
				TARGETED_DEVICE_FAMILY = "1,2";
				TEST_HOST = "$(BUILT_PRODUCTS_DIR)/EgoviOS-Swift.app/EgoviOS-Swift";
			};
			name = Release;
		};
		89CF56B51FE39D5D00C5F60D /* Debug */ = {
			isa = XCBuildConfiguration;
			buildSettings = {
				ALWAYS_EMBED_SWIFT_STANDARD_LIBRARIES = YES;
				CODE_SIGN_STYLE = Automatic;
				DEVELOPMENT_TEAM = VALQ39Y9P2;
				INFOPLIST_FILE = "EgoviOS-SwiftUITests/Info.plist";
				LD_RUNPATH_SEARCH_PATHS = "$(inherited) @executable_path/Frameworks @loader_path/Frameworks";
				PRODUCT_BUNDLE_IDENTIFIER = "zyx.EgoviOS-SwiftUITests";
				PRODUCT_NAME = "$(TARGET_NAME)";
				SWIFT_VERSION = 4.0;
				TARGETED_DEVICE_FAMILY = "1,2";
				TEST_TARGET_NAME = "EgoviOS-Swift";
			};
			name = Debug;
		};
		89CF56B61FE39D5D00C5F60D /* Release */ = {
			isa = XCBuildConfiguration;
			buildSettings = {
				ALWAYS_EMBED_SWIFT_STANDARD_LIBRARIES = YES;
				CODE_SIGN_STYLE = Automatic;
				DEVELOPMENT_TEAM = VALQ39Y9P2;
				INFOPLIST_FILE = "EgoviOS-SwiftUITests/Info.plist";
				LD_RUNPATH_SEARCH_PATHS = "$(inherited) @executable_path/Frameworks @loader_path/Frameworks";
				PRODUCT_BUNDLE_IDENTIFIER = "zyx.EgoviOS-SwiftUITests";
				PRODUCT_NAME = "$(TARGET_NAME)";
				SWIFT_VERSION = 4.0;
				TARGETED_DEVICE_FAMILY = "1,2";
				TEST_TARGET_NAME = "EgoviOS-Swift";
			};
			name = Release;
		};
/* End XCBuildConfiguration section */

/* Begin XCConfigurationList section */
		89CF56811FE39D5C00C5F60D /* Build configuration list for PBXProject "EgoviOS-Swift" */ = {
			isa = XCConfigurationList;
			buildConfigurations = (
				89CF56AC1FE39D5D00C5F60D /* Debug */,
				89CF56AD1FE39D5D00C5F60D /* Release */,
			);
			defaultConfigurationIsVisible = 0;
			defaultConfigurationName = Release;
		};
		89CF56AE1FE39D5D00C5F60D /* Build configuration list for PBXNativeTarget "EgoviOS-Swift" */ = {
			isa = XCConfigurationList;
			buildConfigurations = (
				89CF56AF1FE39D5D00C5F60D /* Debug */,
				89CF56B01FE39D5D00C5F60D /* Release */,
			);
			defaultConfigurationIsVisible = 0;
			defaultConfigurationName = Release;
		};
		89CF56B11FE39D5D00C5F60D /* Build configuration list for PBXNativeTarget "EgoviOS-SwiftTests" */ = {
			isa = XCConfigurationList;
			buildConfigurations = (
				89CF56B21FE39D5D00C5F60D /* Debug */,
				89CF56B31FE39D5D00C5F60D /* Release */,
			);
			defaultConfigurationIsVisible = 0;
			defaultConfigurationName = Release;
		};
		89CF56B41FE39D5D00C5F60D /* Build configuration list for PBXNativeTarget "EgoviOS-SwiftUITests" */ = {
			isa = XCConfigurationList;
			buildConfigurations = (
				89CF56B51FE39D5D00C5F60D /* Debug */,
				89CF56B61FE39D5D00C5F60D /* Release */,
			);
			defaultConfigurationIsVisible = 0;
			defaultConfigurationName = Release;
		};
/* End XCConfigurationList section */
	};
	rootObject = 89CF567E1FE39D5C00C5F60D /* Project object */;
}
